
Microsoft Visual Studio Solution File, Format Version 12.00
# Visual Studio Version 17
VisualStudioVersion = 17.14.37203.1
MinimumVisualStudioVersion = 10.0.40219.1
Project("{FAE04EC0-301F-11D3-BF4B-00C04F79EFBC}") = "OpenFreeMapsLoveMatch", "OpenFreeMapsLoveMatch\OpenFreeMapsLoveMatch.csproj", "{A960E845-CF4E-4A31-AED5-BAC8FF3259C2}"
EndProject
Project("{FAE04EC0-301F-11D3-BF4B-00C04F79EFBC}") = "OpenFreeMapsLoveMatch.Tests", "OpenFreeMapsLoveMatch.Tests\OpenFreeMapsLoveMatch.Tests.csproj", "{E6F323A8-FA3B-415C-8279-0B73EECE387C}"
EndProject
Project("{E53339B2-1760-4266-BCC7-CA923CBCF16C}") = "docker-compose", "docker-compose.dcproj", "{81DDED9D-158B-E303-5F62-77A2896D2A5A}"
EndProject
Global
	GlobalSection(SolutionConfigurationPlatforms) = preSolution
		Debug|Any CPU = Debug|Any CPU
		Release|Any CPU = Release|Any CPU
	EndGlobalSection
	GlobalSection(ProjectConfigurationPlatforms) = postSolution
		{A960E845-CF4E-4A31-AED5-BAC8FF3259C2}.Debug|Any CPU.ActiveCfg = Debug|Any CPU
		{A960E845-CF4E-4A31-AED5-BAC8FF3259C2}.Debug|Any CPU.Build.0 = Debug|Any CPU
		{A960E845-CF4E-4A31-AED5-BAC8FF3259C2}.Release|Any CPU.ActiveCfg = Release|Any CPU
		{A960E845-CF4E-4A31-AED5-BAC8FF3259C2}.Release|Any CPU.Build.0 = Release|Any CPU
		{E6F323A8-FA3B-415C-8279-0B73EECE387C}.Debug|Any CPU.ActiveCfg = Debug|Any CPU
		{E6F323A8-FA3B-415C-8279-0B73EECE387C}.Debug|Any CPU.Build.0 = Debug|Any CPU
		{E6F323A8-FA3B-415C-8279-0B73EECE387C}.Release|Any CPU.ActiveCfg = Release|Any CPU
		{E6F323A8-FA3B-415C-8279-0B73EECE387C}.Release|Any CPU.Build.0 = Release|Any CPU
		{81DDED9D-158B-E303-5F62-77A2896D2A5A}.Debug|Any CPU.ActiveCfg = Debug|Any CPU
		{81DDED9D-158B-E303-5F62-77A2896D2A5A}.Debug|Any CPU.Build.0 = Debug|Any CPU
		{81DDED9D-158B-E303-5F62-77A2896D2A5A}.Release|Any CPU.ActiveCfg = Release|Any CPU
		{81DDED9D-158B-E303-5F62-77A2896D2A5A}.Release|Any CPU.Build.0 = Release|Any CPU
	EndGlobalSection
	GlobalSection(SolutionProperties) = preSolution
		HideSolutionNode = FALSE
	EndGlobalSection
	GlobalSection(ExtensibilityGlobals) = postSolution
		SolutionGuid = {490BD4FA-9388-4947-9852-B9A92806F978}
	EndGlobalSection
EndGlobal
